
Microsoft Visual Studio Solution File, Format Version 12.00
# Visual Studio Version 17
VisualStudioVersion = 17.1.32210.238
MinimumVisualStudioVersion = 10.0.40219.1
Project("{9A19103F-16F7-4668-BE54-9A1E7A4F7556}") = "BLBLexicon", "BLBLexicon\BLBLexicon.csproj", "{587FFC9D-E97E-4228-AC74-A1CF0E07B4A9}"
EndProject
Project("{9A19103F-16F7-4668-BE54-9A1E7A4F7556}") = "STEPLexicon", "STEPLexicon\STEPLexicon.csproj", "{9BE9AF8C-21EB-421C-A014-17CF38AEC475}"
EndProject
Project("{9A19103F-16F7-4668-BE54-9A1E7A4F7556}") = "BLBConcordance", "BLBConcordance\BLBConcordance.csproj", "{46E9590F-280C-4822-8571-2BB880C5C6C5}"
EndProject
Project("{9A19103F-16F7-4668-BE54-9A1E7A4F7556}") = "KJVStrongs", "KJVStrongs\KJVStrongs.csproj", "{1C92E33F-AFF9-4AA3-9FC2-39F9459D001E}"
EndProject
Project("{9A19103F-16F7-4668-BE54-9A1E7A4F7556}") = "Pericope", "Pericope\Pericope.csproj", "{AC49E3B7-E76C-4CAB-8687-AFA965D440B0}"
EndProject
Project("{9A19103F-16F7-4668-BE54-9A1E7A4F7556}") = "Moby", "Moby\Moby.csproj", "{B2773F29-216F-43EB-AC6D-3272FA1FED9C}"
EndProject
Project("{9A19103F-16F7-4668-BE54-9A1E7A4F7556}") = "TreasuryOfScriptureKnowledge", "TreasuryOfScriptureKnowledge\TreasuryOfScriptureKnowledge.csproj", "{0F832C2D-B557-4C8D-B894-33EC6B9A6AD9}"
EndProject
Project("{9A19103F-16F7-4668-BE54-9A1E7A4F7556}") = "Roget", "Roget\Roget.csproj", "{CF24E610-882C-4B62-ABB2-5AED1A7D3B00}"
EndProject
Project("{9A19103F-16F7-4668-BE54-9A1E7A4F7556}") = "KJVSynonyms", "KJVSynonyms\KJVSynonyms.csproj", "{3A8239F7-EE23-4BDC-BF8C-4CF428AA9B39}"
EndProject
Project("{9A19103F-16F7-4668-BE54-9A1E7A4F7556}") = "Synonyms", "Synonyms\Synonyms.csproj", "{EB267510-03B0-4E31-962E-06183627E582}"
EndProject
Project("{9A19103F-16F7-4668-BE54-9A1E7A4F7556}") = "MAB", "MAB\MAB.csproj", "{BB716E10-4100-4E8F-B080-36E0CBA2343B}"
EndProject
Project("{9A19103F-16F7-4668-BE54-9A1E7A4F7556}") = "Categories", "Categories\Categories.csproj", "{0CD6B0CD-B47A-4EDA-87EC-902C7C11318C}"
EndProject
Project("{9A19103F-16F7-4668-BE54-9A1E7A4F7556}") = "Data", "Data\Data.csproj", "{7C9807FD-9463-415E-B910-1146CF6ECC16}"
EndProject
Project("{9A19103F-16F7-4668-BE54-9A1E7A4F7556}") = "Bible Searcher", "Bible Searcher\Bible Searcher.csproj", "{9891FF39-A070-4001-95CA-6DE5A65A4648}"
	ProjectSection(ProjectDependencies) = postProject
		{0F832C2D-B557-4C8D-B894-33EC6B9A6AD9} = {0F832C2D-B557-4C8D-B894-33EC6B9A6AD9}
		{1C92E33F-AFF9-4AA3-9FC2-39F9459D001E} = {1C92E33F-AFF9-4AA3-9FC2-39F9459D001E}
		{587FFC9D-E97E-4228-AC74-A1CF0E07B4A9} = {587FFC9D-E97E-4228-AC74-A1CF0E07B4A9}
	EndProjectSection
EndProject
Project("{9A19103F-16F7-4668-BE54-9A1E7A4F7556}") = "Marvel", "Marvel\Marvel.csproj", "{0488B060-3ACE-40B7-9E28-A5D87218BCA3}"
EndProject
Project("{9A19103F-16F7-4668-BE54-9A1E7A4F7556}") = "DeepAIConnection", "DeepAI\DeepAIConnection.csproj", "{4B2B40C0-AA2B-46AD-9DB8-C702DC766856}"
EndProject
Project("{FAE04EC0-301F-11D3-BF4B-00C04F79EFBC}") = "MachineLearning", "MachineLearning\MachineLearning.csproj", "{BC5EBB76-8C42-4733-B92C-AE0602B529E5}"
EndProject
Global
	GlobalSection(SolutionConfigurationPlatforms) = preSolution
		Debug|Any CPU = Debug|Any CPU
		Debug|x64 = Debug|x64
		Debug|x86 = Debug|x86
		Release|Any CPU = Release|Any CPU
		Release|x64 = Release|x64
		Release|x86 = Release|x86
	EndGlobalSection
	GlobalSection(ProjectConfigurationPlatforms) = postSolution
		{587FFC9D-E97E-4228-AC74-A1CF0E07B4A9}.Debug|Any CPU.ActiveCfg = Debug|Any CPU
		{587FFC9D-E97E-4228-AC74-A1CF0E07B4A9}.Debug|Any CPU.Build.0 = Debug|Any CPU
		{587FFC9D-E97E-4228-AC74-A1CF0E07B4A9}.Debug|x64.ActiveCfg = Debug|x64
		{587FFC9D-E97E-4228-AC74-A1CF0E07B4A9}.Debug|x64.Build.0 = Debug|x64
		{587FFC9D-E97E-4228-AC74-A1CF0E07B4A9}.Debug|x86.ActiveCfg = Debug|x86
		{587FFC9D-E97E-4228-AC74-A1CF0E07B4A9}.Debug|x86.Build.0 = Debug|x86
		{587FFC9D-E97E-4228-AC74-A1CF0E07B4A9}.Release|Any CPU.ActiveCfg = Release|Any CPU
		{587FFC9D-E97E-4228-AC74-A1CF0E07B4A9}.Release|Any CPU.Build.0 = Release|Any CPU
		{587FFC9D-E97E-4228-AC74-A1CF0E07B4A9}.Release|x64.ActiveCfg = Release|Any CPU
		{587FFC9D-E97E-4228-AC74-A1CF0E07B4A9}.Release|x64.Build.0 = Release|Any CPU
		{587FFC9D-E97E-4228-AC74-A1CF0E07B4A9}.Release|x86.ActiveCfg = Release|Any CPU
		{587FFC9D-E97E-4228-AC74-A1CF0E07B4A9}.Release|x86.Build.0 = Release|Any CPU
		{9BE9AF8C-21EB-421C-A014-17CF38AEC475}.Debug|Any CPU.ActiveCfg = Debug|Any CPU
		{9BE9AF8C-21EB-421C-A014-17CF38AEC475}.Debug|Any CPU.Build.0 = Debug|Any CPU
		{9BE9AF8C-21EB-421C-A014-17CF38AEC475}.Debug|x64.ActiveCfg = Debug|x64
		{9BE9AF8C-21EB-421C-A014-17CF38AEC475}.Debug|x64.Build.0 = Debug|x64
		{9BE9AF8C-21EB-421C-A014-17CF38AEC475}.Debug|x86.ActiveCfg = Debug|x86
		{9BE9AF8C-21EB-421C-A014-17CF38AEC475}.Debug|x86.Build.0 = Debug|x86
		{9BE9AF8C-21EB-421C-A014-17CF38AEC475}.Release|Any CPU.ActiveCfg = Release|Any CPU
		{9BE9AF8C-21EB-421C-A014-17CF38AEC475}.Release|Any CPU.Build.0 = Release|Any CPU
		{9BE9AF8C-21EB-421C-A014-17CF38AEC475}.Release|x64.ActiveCfg = Release|Any CPU
		{9BE9AF8C-21EB-421C-A014-17CF38AEC475}.Release|x64.Build.0 = Release|Any CPU
		{9BE9AF8C-21EB-421C-A014-17CF38AEC475}.Release|x86.ActiveCfg = Release|Any CPU
		{9BE9AF8C-21EB-421C-A014-17CF38AEC475}.Release|x86.Build.0 = Release|Any CPU
		{46E9590F-280C-4822-8571-2BB880C5C6C5}.Debug|Any CPU.ActiveCfg = Debug|Any CPU
		{46E9590F-280C-4822-8571-2BB880C5C6C5}.Debug|Any CPU.Build.0 = Debug|Any CPU
		{46E9590F-280C-4822-8571-2BB880C5C6C5}.Debug|x64.ActiveCfg = Debug|x64
		{46E9590F-280C-4822-8571-2BB880C5C6C5}.Debug|x64.Build.0 = Debug|x64
		{46E9590F-280C-4822-8571-2BB880C5C6C5}.Debug|x86.ActiveCfg = Debug|x86
		{46E9590F-280C-4822-8571-2BB880C5C6C5}.Debug|x86.Build.0 = Debug|x86
		{46E9590F-280C-4822-8571-2BB880C5C6C5}.Release|Any CPU.ActiveCfg = Release|Any CPU
		{46E9590F-280C-4822-8571-2BB880C5C6C5}.Release|Any CPU.Build.0 = Release|Any CPU
		{46E9590F-280C-4822-8571-2BB880C5C6C5}.Release|x64.ActiveCfg = Release|Any CPU
		{46E9590F-280C-4822-8571-2BB880C5C6C5}.Release|x64.Build.0 = Release|Any CPU
		{46E9590F-280C-4822-8571-2BB880C5C6C5}.Release|x86.ActiveCfg = Release|Any CPU
		{46E9590F-280C-4822-8571-2BB880C5C6C5}.Release|x86.Build.0 = Release|Any CPU
		{1C92E33F-AFF9-4AA3-9FC2-39F9459D001E}.Debug|Any CPU.ActiveCfg = Debug|Any CPU
		{1C92E33F-AFF9-4AA3-9FC2-39F9459D001E}.Debug|Any CPU.Build.0 = Debug|Any CPU
		{1C92E33F-AFF9-4AA3-9FC2-39F9459D001E}.Debug|x64.ActiveCfg = Debug|x64
		{1C92E33F-AFF9-4AA3-9FC2-39F9459D001E}.Debug|x64.Build.0 = Debug|x64
		{1C92E33F-AFF9-4AA3-9FC2-39F9459D001E}.Debug|x86.ActiveCfg = Debug|x86
		{1C92E33F-AFF9-4AA3-9FC2-39F9459D001E}.Debug|x86.Build.0 = Debug|x86
		{1C92E33F-AFF9-4AA3-9FC2-39F9459D001E}.Release|Any CPU.ActiveCfg = Release|Any CPU
		{1C92E33F-AFF9-4AA3-9FC2-39F9459D001E}.Release|Any CPU.Build.0 = Release|Any CPU
		{1C92E33F-AFF9-4AA3-9FC2-39F9459D001E}.Release|x64.ActiveCfg = Release|Any CPU
		{1C92E33F-AFF9-4AA3-9FC2-39F9459D001E}.Release|x64.Build.0 = Release|Any CPU
		{1C92E33F-AFF9-4AA3-9FC2-39F9459D001E}.Release|x86.ActiveCfg = Release|Any CPU
		{1C92E33F-AFF9-4AA3-9FC2-39F9459D001E}.Release|x86.Build.0 = Release|Any CPU
		{AC49E3B7-E76C-4CAB-8687-AFA965D440B0}.Debug|Any CPU.ActiveCfg = Debug|Any CPU
		{AC49E3B7-E76C-4CAB-8687-AFA965D440B0}.Debug|Any CPU.Build.0 = Debug|Any CPU
		{AC49E3B7-E76C-4CAB-8687-AFA965D440B0}.Debug|x64.ActiveCfg = Debug|x64
		{AC49E3B7-E76C-4CAB-8687-AFA965D440B0}.Debug|x64.Build.0 = Debug|x64
		{AC49E3B7-E76C-4CAB-8687-AFA965D440B0}.Debug|x86.ActiveCfg = Debug|x86
		{AC49E3B7-E76C-4CAB-8687-AFA965D440B0}.Debug|x86.Build.0 = Debug|x86
		{AC49E3B7-E76C-4CAB-8687-AFA965D440B0}.Release|Any CPU.ActiveCfg = Release|Any CPU
		{AC49E3B7-E76C-4CAB-8687-AFA965D440B0}.Release|Any CPU.Build.0 = Release|Any CPU
		{AC49E3B7-E76C-4CAB-8687-AFA965D440B0}.Release|x64.ActiveCfg = Release|Any CPU
		{AC49E3B7-E76C-4CAB-8687-AFA965D440B0}.Release|x64.Build.0 = Release|Any CPU
		{AC49E3B7-E76C-4CAB-8687-AFA965D440B0}.Release|x86.ActiveCfg = Release|Any CPU
		{AC49E3B7-E76C-4CAB-8687-AFA965D440B0}.Release|x86.Build.0 = Release|Any CPU
		{B2773F29-216F-43EB-AC6D-3272FA1FED9C}.Debug|Any CPU.ActiveCfg = Debug|Any CPU
		{B2773F29-216F-43EB-AC6D-3272FA1FED9C}.Debug|Any CPU.Build.0 = Debug|Any CPU
		{B2773F29-216F-43EB-AC6D-3272FA1FED9C}.Debug|x64.ActiveCfg = Debug|x64
		{B2773F29-216F-43EB-AC6D-3272FA1FED9C}.Debug|x64.Build.0 = Debug|x64
		{B2773F29-216F-43EB-AC6D-3272FA1FED9C}.Debug|x86.ActiveCfg = Debug|x86
		{B2773F29-216F-43EB-AC6D-3272FA1FED9C}.Debug|x86.Build.0 = Debug|x86
		{B2773F29-216F-43EB-AC6D-3272FA1FED9C}.Release|Any CPU.ActiveCfg = Release|Any CPU
		{B2773F29-216F-43EB-AC6D-3272FA1FED9C}.Release|Any CPU.Build.0 = Release|Any CPU
		{B2773F29-216F-43EB-AC6D-3272FA1FED9C}.Release|x64.ActiveCfg = Release|Any CPU
		{B2773F29-216F-43EB-AC6D-3272FA1FED9C}.Release|x64.Build.0 = Release|Any CPU
		{B2773F29-216F-43EB-AC6D-3272FA1FED9C}.Release|x86.ActiveCfg = Release|Any CPU
		{B2773F29-216F-43EB-AC6D-3272FA1FED9C}.Release|x86.Build.0 = Release|Any CPU
		{0F832C2D-B557-4C8D-B894-33EC6B9A6AD9}.Debug|Any CPU.ActiveCfg = Debug|Any CPU
		{0F832C2D-B557-4C8D-B894-33EC6B9A6AD9}.Debug|Any CPU.Build.0 = Debug|Any CPU
		{0F832C2D-B557-4C8D-B894-33EC6B9A6AD9}.Debug|x64.ActiveCfg = Debug|x64
		{0F832C2D-B557-4C8D-B894-33EC6B9A6AD9}.Debug|x64.Build.0 = Debug|x64
		{0F832C2D-B557-4C8D-B894-33EC6B9A6AD9}.Debug|x86.ActiveCfg = Debug|x86
		{0F832C2D-B557-4C8D-B894-33EC6B9A6AD9}.Debug|x86.Build.0 = Debug|x86
		{0F832C2D-B557-4C8D-B894-33EC6B9A6AD9}.Release|Any CPU.ActiveCfg = Release|Any CPU
		{0F832C2D-B557-4C8D-B894-33EC6B9A6AD9}.Release|Any CPU.Build.0 = Release|Any CPU
		{0F832C2D-B557-4C8D-B894-33EC6B9A6AD9}.Release|x64.ActiveCfg = Release|Any CPU
		{0F832C2D-B557-4C8D-B894-33EC6B9A6AD9}.Release|x64.Build.0 = Release|Any CPU
		{0F832C2D-B557-4C8D-B894-33EC6B9A6AD9}.Release|x86.ActiveCfg = Release|Any CPU
		{0F832C2D-B557-4C8D-B894-33EC6B9A6AD9}.Release|x86.Build.0 = Release|Any CPU
		{CF24E610-882C-4B62-ABB2-5AED1A7D3B00}.Debug|Any CPU.ActiveCfg = Debug|Any CPU
		{CF24E610-882C-4B62-ABB2-5AED1A7D3B00}.Debug|Any CPU.Build.0 = Debug|Any CPU
		{CF24E610-882C-4B62-ABB2-5AED1A7D3B00}.Debug|x64.ActiveCfg = Debug|x64
		{CF24E610-882C-4B62-ABB2-5AED1A7D3B00}.Debug|x64.Build.0 = Debug|x64
		{CF24E610-882C-4B62-ABB2-5AED1A7D3B00}.Debug|x86.ActiveCfg = Debug|x86
		{CF24E610-882C-4B62-ABB2-5AED1A7D3B00}.Debug|x86.Build.0 = Debug|x86
		{CF24E610-882C-4B62-ABB2-5AED1A7D3B00}.Release|Any CPU.ActiveCfg = Release|Any CPU
		{CF24E610-882C-4B62-ABB2-5AED1A7D3B00}.Release|Any CPU.Build.0 = Release|Any CPU
		{CF24E610-882C-4B62-ABB2-5AED1A7D3B00}.Release|x64.ActiveCfg = Release|Any CPU
		{CF24E610-882C-4B62-ABB2-5AED1A7D3B00}.Release|x64.Build.0 = Release|Any CPU
		{CF24E610-882C-4B62-ABB2-5AED1A7D3B00}.Release|x86.ActiveCfg = Release|Any CPU
		{CF24E610-882C-4B62-ABB2-5AED1A7D3B00}.Release|x86.Build.0 = Release|Any CPU
		{3A8239F7-EE23-4BDC-BF8C-4CF428AA9B39}.Debug|Any CPU.ActiveCfg = Debug|Any CPU
		{3A8239F7-EE23-4BDC-BF8C-4CF428AA9B39}.Debug|Any CPU.Build.0 = Debug|Any CPU
		{3A8239F7-EE23-4BDC-BF8C-4CF428AA9B39}.Debug|x64.ActiveCfg = Debug|x64
		{3A8239F7-EE23-4BDC-BF8C-4CF428AA9B39}.Debug|x64.Build.0 = Debug|x64
		{3A8239F7-EE23-4BDC-BF8C-4CF428AA9B39}.Debug|x86.ActiveCfg = Debug|x86
		{3A8239F7-EE23-4BDC-BF8C-4CF428AA9B39}.Debug|x86.Build.0 = Debug|x86
		{3A8239F7-EE23-4BDC-BF8C-4CF428AA9B39}.Release|Any CPU.ActiveCfg = Release|Any CPU
		{3A8239F7-EE23-4BDC-BF8C-4CF428AA9B39}.Release|Any CPU.Build.0 = Release|Any CPU
		{3A8239F7-EE23-4BDC-BF8C-4CF428AA9B39}.Release|x64.ActiveCfg = Release|Any CPU
		{3A8239F7-EE23-4BDC-BF8C-4CF428AA9B39}.Release|x64.Build.0 = Release|Any CPU
		{3A8239F7-EE23-4BDC-BF8C-4CF428AA9B39}.Release|x86.ActiveCfg = Release|Any CPU
		{3A8239F7-EE23-4BDC-BF8C-4CF428AA9B39}.Release|x86.Build.0 = Release|Any CPU
		{EB267510-03B0-4E31-962E-06183627E582}.Debug|Any CPU.ActiveCfg = Debug|Any CPU
		{EB267510-03B0-4E31-962E-06183627E582}.Debug|Any CPU.Build.0 = Debug|Any CPU
		{EB267510-03B0-4E31-962E-06183627E582}.Debug|x64.ActiveCfg = Debug|x64
		{EB267510-03B0-4E31-962E-06183627E582}.Debug|x64.Build.0 = Debug|x64
		{EB267510-03B0-4E31-962E-06183627E582}.Debug|x86.ActiveCfg = Debug|x86
		{EB267510-03B0-4E31-962E-06183627E582}.Debug|x86.Build.0 = Debug|x86
		{EB267510-03B0-4E31-962E-06183627E582}.Release|Any CPU.ActiveCfg = Release|Any CPU
		{EB267510-03B0-4E31-962E-06183627E582}.Release|Any CPU.Build.0 = Release|Any CPU
		{EB267510-03B0-4E31-962E-06183627E582}.Release|x64.ActiveCfg = Release|Any CPU
		{EB267510-03B0-4E31-962E-06183627E582}.Release|x64.Build.0 = Release|Any CPU
		{EB267510-03B0-4E31-962E-06183627E582}.Release|x86.ActiveCfg = Release|Any CPU
		{EB267510-03B0-4E31-962E-06183627E582}.Release|x86.Build.0 = Release|Any CPU
		{BB716E10-4100-4E8F-B080-36E0CBA2343B}.Debug|Any CPU.ActiveCfg = Debug|Any CPU
		{BB716E10-4100-4E8F-B080-36E0CBA2343B}.Debug|Any CPU.Build.0 = Debug|Any CPU
		{BB716E10-4100-4E8F-B080-36E0CBA2343B}.Debug|x64.ActiveCfg = Debug|x64
		{BB716E10-4100-4E8F-B080-36E0CBA2343B}.Debug|x64.Build.0 = Debug|x64
		{BB716E10-4100-4E8F-B080-36E0CBA2343B}.Debug|x86.ActiveCfg = Debug|x86
		{BB716E10-4100-4E8F-B080-36E0CBA2343B}.Debug|x86.Build.0 = Debug|x86
		{BB716E10-4100-4E8F-B080-36E0CBA2343B}.Release|Any CPU.ActiveCfg = Release|Any CPU
		{BB716E10-4100-4E8F-B080-36E0CBA2343B}.Release|Any CPU.Build.0 = Release|Any CPU
		{BB716E10-4100-4E8F-B080-36E0CBA2343B}.Release|x64.ActiveCfg = Release|Any CPU
		{BB716E10-4100-4E8F-B080-36E0CBA2343B}.Release|x64.Build.0 = Release|Any CPU
		{BB716E10-4100-4E8F-B080-36E0CBA2343B}.Release|x86.ActiveCfg = Release|Any CPU
		{BB716E10-4100-4E8F-B080-36E0CBA2343B}.Release|x86.Build.0 = Release|Any CPU
		{0CD6B0CD-B47A-4EDA-87EC-902C7C11318C}.Debug|Any CPU.ActiveCfg = Debug|Any CPU
		{0CD6B0CD-B47A-4EDA-87EC-902C7C11318C}.Debug|Any CPU.Build.0 = Debug|Any CPU
		{0CD6B0CD-B47A-4EDA-87EC-902C7C11318C}.Debug|x64.ActiveCfg = Debug|x64
		{0CD6B0CD-B47A-4EDA-87EC-902C7C11318C}.Debug|x64.Build.0 = Debug|x64
		{0CD6B0CD-B47A-4EDA-87EC-902C7C11318C}.Debug|x86.ActiveCfg = Debug|x86
		{0CD6B0CD-B47A-4EDA-87EC-902C7C11318C}.Debug|x86.Build.0 = Debug|x86
		{0CD6B0CD-B47A-4EDA-87EC-902C7C11318C}.Release|Any CPU.ActiveCfg = Release|Any CPU
		{0CD6B0CD-B47A-4EDA-87EC-902C7C11318C}.Release|Any CPU.Build.0 = Release|Any CPU
		{0CD6B0CD-B47A-4EDA-87EC-902C7C11318C}.Release|x64.ActiveCfg = Release|Any CPU
		{0CD6B0CD-B47A-4EDA-87EC-902C7C11318C}.Release|x64.Build.0 = Release|Any CPU
		{0CD6B0CD-B47A-4EDA-87EC-902C7C11318C}.Release|x86.ActiveCfg = Release|Any CPU
		{0CD6B0CD-B47A-4EDA-87EC-902C7C11318C}.Release|x86.Build.0 = Release|Any CPU
		{7C9807FD-9463-415E-B910-1146CF6ECC16}.Debug|Any CPU.ActiveCfg = Debug|Any CPU
		{7C9807FD-9463-415E-B910-1146CF6ECC16}.Debug|Any CPU.Build.0 = Debug|Any CPU
		{7C9807FD-9463-415E-B910-1146CF6ECC16}.Debug|x64.ActiveCfg = Debug|x64
		{7C9807FD-9463-415E-B910-1146CF6ECC16}.Debug|x64.Build.0 = Debug|x64
		{7C9807FD-9463-415E-B910-1146CF6ECC16}.Debug|x86.ActiveCfg = Debug|x86
		{7C9807FD-9463-415E-B910-1146CF6ECC16}.Debug|x86.Build.0 = Debug|x86
		{7C9807FD-9463-415E-B910-1146CF6ECC16}.Release|Any CPU.ActiveCfg = Release|Any CPU
		{7C9807FD-9463-415E-B910-1146CF6ECC16}.Release|Any CPU.Build.0 = Release|Any CPU
		{7C9807FD-9463-415E-B910-1146CF6ECC16}.Release|x64.ActiveCfg = Release|x64
		{7C9807FD-9463-415E-B910-1146CF6ECC16}.Release|x64.Build.0 = Release|x64
		{7C9807FD-9463-415E-B910-1146CF6ECC16}.Release|x86.ActiveCfg = Release|x86
		{7C9807FD-9463-415E-B910-1146CF6ECC16}.Release|x86.Build.0 = Release|x86
		{9891FF39-A070-4001-95CA-6DE5A65A4648}.Debug|Any CPU.ActiveCfg = Debug|Any CPU
		{9891FF39-A070-4001-95CA-6DE5A65A4648}.Debug|Any CPU.Build.0 = Debug|Any CPU
		{9891FF39-A070-4001-95CA-6DE5A65A4648}.Debug|x64.ActiveCfg = Debug|x64
		{9891FF39-A070-4001-95CA-6DE5A65A4648}.Debug|x64.Build.0 = Debug|x64
		{9891FF39-A070-4001-95CA-6DE5A65A4648}.Debug|x86.ActiveCfg = Debug|x86
		{9891FF39-A070-4001-95CA-6DE5A65A4648}.Debug|x86.Build.0 = Debug|x86
		{9891FF39-A070-4001-95CA-6DE5A65A4648}.Release|Any CPU.ActiveCfg = Release|Any CPU
		{9891FF39-A070-4001-95CA-6DE5A65A4648}.Release|Any CPU.Build.0 = Release|Any CPU
		{9891FF39-A070-4001-95CA-6DE5A65A4648}.Release|x64.ActiveCfg = Release|x64
		{9891FF39-A070-4001-95CA-6DE5A65A4648}.Release|x64.Build.0 = Release|x64
		{9891FF39-A070-4001-95CA-6DE5A65A4648}.Release|x86.ActiveCfg = Release|x86
		{9891FF39-A070-4001-95CA-6DE5A65A4648}.Release|x86.Build.0 = Release|x86
		{0488B060-3ACE-40B7-9E28-A5D87218BCA3}.Debug|Any CPU.ActiveCfg = Debug|Any CPU
		{0488B060-3ACE-40B7-9E28-A5D87218BCA3}.Debug|Any CPU.Build.0 = Debug|Any CPU
		{0488B060-3ACE-40B7-9E28-A5D87218BCA3}.Debug|x64.ActiveCfg = Debug|Any CPU
		{0488B060-3ACE-40B7-9E28-A5D87218BCA3}.Debug|x64.Build.0 = Debug|Any CPU
		{0488B060-3ACE-40B7-9E28-A5D87218BCA3}.Debug|x86.ActiveCfg = Debug|Any CPU
		{0488B060-3ACE-40B7-9E28-A5D87218BCA3}.Debug|x86.Build.0 = Debug|Any CPU
		{0488B060-3ACE-40B7-9E28-A5D87218BCA3}.Release|Any CPU.ActiveCfg = Release|Any CPU
		{0488B060-3ACE-40B7-9E28-A5D87218BCA3}.Release|Any CPU.Build.0 = Release|Any CPU
		{0488B060-3ACE-40B7-9E28-A5D87218BCA3}.Release|x64.ActiveCfg = Release|Any CPU
		{0488B060-3ACE-40B7-9E28-A5D87218BCA3}.Release|x64.Build.0 = Release|Any CPU
		{0488B060-3ACE-40B7-9E28-A5D87218BCA3}.Release|x86.ActiveCfg = Release|Any CPU
		{0488B060-3ACE-40B7-9E28-A5D87218BCA3}.Release|x86.Build.0 = Release|Any CPU
		{4B2B40C0-AA2B-46AD-9DB8-C702DC766856}.Debug|Any CPU.ActiveCfg = Debug|Any CPU
		{4B2B40C0-AA2B-46AD-9DB8-C702DC766856}.Debug|Any CPU.Build.0 = Debug|Any CPU
		{4B2B40C0-AA2B-46AD-9DB8-C702DC766856}.Debug|x64.ActiveCfg = Debug|Any CPU
		{4B2B40C0-AA2B-46AD-9DB8-C702DC766856}.Debug|x64.Build.0 = Debug|Any CPU
		{4B2B40C0-AA2B-46AD-9DB8-C702DC766856}.Debug|x86.ActiveCfg = Debug|Any CPU
		{4B2B40C0-AA2B-46AD-9DB8-C702DC766856}.Debug|x86.Build.0 = Debug|Any CPU
		{4B2B40C0-AA2B-46AD-9DB8-C702DC766856}.Release|Any CPU.ActiveCfg = Release|Any CPU
		{4B2B40C0-AA2B-46AD-9DB8-C702DC766856}.Release|Any CPU.Build.0 = Release|Any CPU
		{4B2B40C0-AA2B-46AD-9DB8-C702DC766856}.Release|x64.ActiveCfg = Release|Any CPU
		{4B2B40C0-AA2B-46AD-9DB8-C702DC766856}.Release|x64.Build.0 = Release|Any CPU
		{4B2B40C0-AA2B-46AD-9DB8-C702DC766856}.Release|x86.ActiveCfg = Release|Any CPU
		{4B2B40C0-AA2B-46AD-9DB8-C702DC766856}.Release|x86.Build.0 = Release|Any CPU
		{BC5EBB76-8C42-4733-B92C-AE0602B529E5}.Debug|Any CPU.ActiveCfg = Debug|Any CPU
		{BC5EBB76-8C42-4733-B92C-AE0602B529E5}.Debug|Any CPU.Build.0 = Debug|Any CPU
		{BC5EBB76-8C42-4733-B92C-AE0602B529E5}.Debug|x64.ActiveCfg = Debug|Any CPU
		{BC5EBB76-8C42-4733-B92C-AE0602B529E5}.Debug|x64.Build.0 = Debug|Any CPU
		{BC5EBB76-8C42-4733-B92C-AE0602B529E5}.Debug|x86.ActiveCfg = Debug|Any CPU
		{BC5EBB76-8C42-4733-B92C-AE0602B529E5}.Debug|x86.Build.0 = Debug|Any CPU
		{BC5EBB76-8C42-4733-B92C-AE0602B529E5}.Release|Any CPU.ActiveCfg = Release|Any CPU
		{BC5EBB76-8C42-4733-B92C-AE0602B529E5}.Release|Any CPU.Build.0 = Release|Any CPU
		{BC5EBB76-8C42-4733-B92C-AE0602B529E5}.Release|x64.ActiveCfg = Release|Any CPU
		{BC5EBB76-8C42-4733-B92C-AE0602B529E5}.Release|x64.Build.0 = Release|Any CPU
		{BC5EBB76-8C42-4733-B92C-AE0602B529E5}.Release|x86.ActiveCfg = Release|Any CPU
		{BC5EBB76-8C42-4733-B92C-AE0602B529E5}.Release|x86.Build.0 = Release|Any CPU
	EndGlobalSection
	GlobalSection(SolutionProperties) = preSolution
		HideSolutionNode = FALSE
	EndGlobalSection
	GlobalSection(ExtensibilityGlobals) = postSolution
		SolutionGuid = {D4C75A92-09C2-4DF2-9802-91F611797A90}
	EndGlobalSection
EndGlobal
